
Microsoft Visual Studio Solution File, Format Version 12.00
# Visual Studio Version 17
VisualStudioVersion = 17.5.33516.290
MinimumVisualStudioVersion = 10.0.40219.1
Project("{FAE04EC0-301F-11D3-BF4B-00C04F79EFBC}") = "SavingsCalculator", "SavingsCalculator\SavingsCalculator.csproj", "{108B3070-3527-4C25-A48E-896E37590B4B}"
EndProject
Project("{FAE04EC0-301F-11D3-BF4B-00C04F79EFBC}") = "SavingsCalculatorTests", "SavingsCalculatorTests\SavingsCalculatorTests.csproj", "{F814CCC3-9694-441A-A514-3E404420AC4D}"
EndProject
Global
	GlobalSection(SolutionConfigurationPlatforms) = preSolution
		Debug|Any CPU = Debug|Any CPU
		Release|Any CPU = Release|Any CPU
	EndGlobalSection
	GlobalSection(ProjectConfigurationPlatforms) = postSolution
		{108B3070-3527-4C25-A48E-896E37590B4B}.Debug|Any CPU.ActiveCfg = Debug|Any CPU
		{108B3070-3527-4C25-A48E-896E37590B4B}.Debug|Any CPU.Build.0 = Debug|Any CPU
		{108B3070-3527-4C25-A48E-896E37590B4B}.Release|Any CPU.ActiveCfg = Release|Any CPU
		{108B3070-3527-4C25-A48E-896E37590B4B}.Release|Any CPU.Build.0 = Release|Any CPU
		{F814CCC3-9694-441A-A514-3E404420AC4D}.Debug|Any CPU.ActiveCfg = Debug|Any CPU
		{F814CCC3-9694-441A-A514-3E404420AC4D}.Debug|Any CPU.Build.0 = Debug|Any CPU
		{F814CCC3-9694-441A-A514-3E404420AC4D}.Release|Any CPU.ActiveCfg = Release|Any CPU
		{F814CCC3-9694-441A-A514-3E404420AC4D}.Release|Any CPU.Build.0 = Release|Any CPU
	EndGlobalSection
	GlobalSection(SolutionProperties) = preSolution
		HideSolutionNode = FALSE
	EndGlobalSection
	GlobalSection(ExtensibilityGlobals) = postSolution
		SolutionGuid = {792E3110-48A3-44A8-89D6-E5A49AFA8BDD}
	EndGlobalSection
EndGlobal
